
Microsoft Visual Studio Solution File, Format Version 12.00
# Visual Studio Version 17
VisualStudioVersion = 17.4.33122.133
MinimumVisualStudioVersion = 10.0.40219.1
Project("{FAE04EC0-301F-11D3-BF4B-00C04F79EFBC}") = "NlogFile", "NlogFile.csproj", "{37E7427D-57D0-4AFB-BBCA-CB38814C00A6}"
EndProject
Global
	GlobalSection(SolutionConfigurationPlatforms) = preSolution
		Debug|Any CPU = Debug|Any CPU
		Release|Any CPU = Release|Any CPU
	EndGlobalSection
	GlobalSection(ProjectConfigurationPlatforms) = postSolution
		{37E7427D-57D0-4AFB-BBCA-CB38814C00A6}.Debug|Any CPU.ActiveCfg = Debug|Any CPU
		{37E7427D-57D0-4AFB-BBCA-CB38814C00A6}.Debug|Any CPU.Build.0 = Debug|Any CPU
		{37E7427D-57D0-4AFB-BBCA-CB38814C00A6}.Release|Any CPU.ActiveCfg = Release|Any CPU
		{37E7427D-57D0-4AFB-BBCA-CB38814C00A6}.Release|Any CPU.Build.0 = Release|Any CPU
	EndGlobalSection
	GlobalSection(SolutionProperties) = preSolution
		HideSolutionNode = FALSE
	EndGlobalSection
	GlobalSection(ExtensibilityGlobals) = postSolution
		SolutionGuid = {3F1B41E3-FDF0-456B-B4EC-94E1C34176F0}
	EndGlobalSection
EndGlobal
